
Microsoft Visual Studio Solution File, Format Version 12.00
# Visual Studio Version 17
VisualStudioVersion = 17.6.33723.286
MinimumVisualStudioVersion = 10.0.40219.1
Project("{9A19103F-16F7-4668-BE54-9A1E7A4F7556}") = "FormsDemo", "FormsDemo\FormsDemo.csproj", "{FC18E7BA-5C8E-46A7-8B66-3AF8FAF8C88E}"
EndProject
Global
	GlobalSection(SolutionConfigurationPlatforms) = preSolution
		Debug|Any CPU = Debug|Any CPU
		Release|Any CPU = Release|Any CPU
	EndGlobalSection
	GlobalSection(ProjectConfigurationPlatforms) = postSolution
		{FC18E7BA-5C8E-46A7-8B66-3AF8FAF8C88E}.Debug|Any CPU.ActiveCfg = Debug|Any CPU
		{FC18E7BA-5C8E-46A7-8B66-3AF8FAF8C88E}.Debug|Any CPU.Build.0 = Debug|Any CPU
		{FC18E7BA-5C8E-46A7-8B66-3AF8FAF8C88E}.Release|Any CPU.ActiveCfg = Release|Any CPU
		{FC18E7BA-5C8E-46A7-8B66-3AF8FAF8C88E}.Release|Any CPU.Build.0 = Release|Any CPU
	EndGlobalSection
	GlobalSection(SolutionProperties) = preSolution
		HideSolutionNode = FALSE
	EndGlobalSection
	GlobalSection(ExtensibilityGlobals) = postSolution
		SolutionGuid = {38DB9D0C-02A7-46F1-A93A-E4E4F530C766}
	EndGlobalSection
EndGlobal
